
Microsoft Visual Studio Solution File, Format Version 12.00
# Visual Studio Version 17
VisualStudioVersion = 17.11.35219.272
MinimumVisualStudioVersion = 10.0.40219.1
Project("{8BC9CEB8-8B4A-11D0-8D11-00A0C91BC942}") = "ServerMS", "ServerMS\ServerMS.vcxproj", "{C44920AA-D8BE-47D9-B4C1-4B469E571B0A}"
EndProject
Project("{8BC9CEB8-8B4A-11D0-8D11-00A0C91BC942}") = "ClientMS", "ClientMS\ClientMS.vcxproj", "{7AD76329-1AA8-47DB-8F87-D4DD3C254D6A}"
EndProject
Global
	GlobalSection(SolutionConfigurationPlatforms) = preSolution
		Debug|x64 = Debug|x64
		Debug|x86 = Debug|x86
		Release|x64 = Release|x64
		Release|x86 = Release|x86
	EndGlobalSection
	GlobalSection(ProjectConfigurationPlatforms) = postSolution
		{C44920AA-D8BE-47D9-B4C1-4B469E571B0A}.Debug|x64.ActiveCfg = Debug|x64
		{C44920AA-D8BE-47D9-B4C1-4B469E571B0A}.Debug|x64.Build.0 = Debug|x64
		{C44920AA-D8BE-47D9-B4C1-4B469E571B0A}.Debug|x86.ActiveCfg = Debug|Win32
		{C44920AA-D8BE-47D9-B4C1-4B469E571B0A}.Debug|x86.Build.0 = Debug|Win32
		{C44920AA-D8BE-47D9-B4C1-4B469E571B0A}.Release|x64.ActiveCfg = Release|x64
		{C44920AA-D8BE-47D9-B4C1-4B469E571B0A}.Release|x64.Build.0 = Release|x64
		{C44920AA-D8BE-47D9-B4C1-4B469E571B0A}.Release|x86.ActiveCfg = Release|Win32
		{C44920AA-D8BE-47D9-B4C1-4B469E571B0A}.Release|x86.Build.0 = Release|Win32
		{7AD76329-1AA8-47DB-8F87-D4DD3C254D6A}.Debug|x64.ActiveCfg = Debug|x64
		{7AD76329-1AA8-47DB-8F87-D4DD3C254D6A}.Debug|x64.Build.0 = Debug|x64
		{7AD76329-1AA8-47DB-8F87-D4DD3C254D6A}.Debug|x86.ActiveCfg = Debug|Win32
		{7AD76329-1AA8-47DB-8F87-D4DD3C254D6A}.Debug|x86.Build.0 = Debug|Win32
		{7AD76329-1AA8-47DB-8F87-D4DD3C254D6A}.Release|x64.ActiveCfg = Release|x64
		{7AD76329-1AA8-47DB-8F87-D4DD3C254D6A}.Release|x64.Build.0 = Release|x64
		{7AD76329-1AA8-47DB-8F87-D4DD3C254D6A}.Release|x86.ActiveCfg = Release|Win32
		{7AD76329-1AA8-47DB-8F87-D4DD3C254D6A}.Release|x86.Build.0 = Release|Win32
	EndGlobalSection
	GlobalSection(SolutionProperties) = preSolution
		HideSolutionNode = FALSE
	EndGlobalSection
	GlobalSection(ExtensibilityGlobals) = postSolution
		SolutionGuid = {8391841B-4E91-47AB-B560-E512A16F58A5}
	EndGlobalSection
EndGlobal
